
Microsoft Visual Studio Solution File, Format Version 12.00
# Visual Studio Version 16
VisualStudioVersion = 16.0.33423.256
MinimumVisualStudioVersion = 10.0.40219.1
Project("{FAE04EC0-301F-11D3-BF4B-00C04F79EFBC}") = "ParaPensarEj7", "ParaPensarEj7.csproj", "{CFC03113-6B3F-492A-9E1E-9A7C8850D5E4}"
EndProject
Global
	GlobalSection(SolutionConfigurationPlatforms) = preSolution
		Debug|Any CPU = Debug|Any CPU
		Release|Any CPU = Release|Any CPU
	EndGlobalSection
	GlobalSection(ProjectConfigurationPlatforms) = postSolution
		{CFC03113-6B3F-492A-9E1E-9A7C8850D5E4}.Debug|Any CPU.ActiveCfg = Debug|Any CPU
		{CFC03113-6B3F-492A-9E1E-9A7C8850D5E4}.Debug|Any CPU.Build.0 = Debug|Any CPU
		{CFC03113-6B3F-492A-9E1E-9A7C8850D5E4}.Release|Any CPU.ActiveCfg = Release|Any CPU
		{CFC03113-6B3F-492A-9E1E-9A7C8850D5E4}.Release|Any CPU.Build.0 = Release|Any CPU
	EndGlobalSection
	GlobalSection(SolutionProperties) = preSolution
		HideSolutionNode = FALSE
	EndGlobalSection
	GlobalSection(ExtensibilityGlobals) = postSolution
		SolutionGuid = {70BEEB85-BF85-4C9D-8E9C-D4C0D70FB5DC}
	EndGlobalSection
EndGlobal
